// !$*UTF8*$!
{
	archiveVersion = 1;
	classes = {
	};
	objectVersion = 56;
	objects = {

/* Begin PBXBuildFile section */
		058585542D1EFC2E003376D8 /* restcountries in Frameworks */ = {isa = PBXBuildFile; productRef = 058585532D1EFC2E003376D8 /* restcountries */; };
		059366B82D1F004C00FF3309 /* Kingfisher in Frameworks */ = {isa = PBXBuildFile; productRef = 059366B72D1F004C00FF3309 /* Kingfisher */; };
		059366BA2D1F00CC00FF3309 /* ScreenSizeEnvironment.swift in Sources */ = {isa = PBXBuildFile; fileRef = 059366B92D1F00CC00FF3309 /* ScreenSizeEnvironment.swift */; };
		05BDFE362D1B070500CE77AE /* CountriesApp.swift in Sources */ = {isa = PBXBuildFile; fileRef = 05BDFE352D1B070500CE77AE /* CountriesApp.swift */; };
		05BDFE3C2D1B070600CE77AE /* Assets.xcassets in Resources */ = {isa = PBXBuildFile; fileRef = 05BDFE3B2D1B070600CE77AE /* Assets.xcassets */; };
		05BDFE3F2D1B070600CE77AE /* Preview Assets.xcassets in Resources */ = {isa = PBXBuildFile; fileRef = 05BDFE3E2D1B070600CE77AE /* Preview Assets.xcassets */; };
		05BDFE492D1B0EF800CE77AE /* CountriesListView.swift in Sources */ = {isa = PBXBuildFile; fileRef = 05BDFE482D1B0EF800CE77AE /* CountriesListView.swift */; };
		05BDFE4C2D1B0FFD00CE77AE /* CountriesViewModel.swift in Sources */ = {isa = PBXBuildFile; fileRef = 05BDFE4B2D1B0FFD00CE77AE /* CountriesViewModel.swift */; };
		05BDFE4F2D1B10E000CE77AE /* NetworkManager.swift in Sources */ = {isa = PBXBuildFile; fileRef = 05BDFE4E2D1B10E000CE77AE /* NetworkManager.swift */; };
		05F14D9C2D1F5E2A00EFBD89 /* CountryDetailView.swift in Sources */ = {isa = PBXBuildFile; fileRef = 05F14D9B2D1F5E2A00EFBD89 /* CountryDetailView.swift */; };
		05F14D9E2D1F6D1600EFBD89 /* AnnotationItem.swift in Sources */ = {isa = PBXBuildFile; fileRef = 05F14D9D2D1F6D1600EFBD89 /* AnnotationItem.swift */; };
		05F14DA02D1F71FF00EFBD89 /* CountryStorage.swift in Sources */ = {isa = PBXBuildFile; fileRef = 05F14D9F2D1F71FF00EFBD89 /* CountryStorage.swift */; };
		05F14DA52D2010C100EFBD89 /* StorageManager.swift in Sources */ = {isa = PBXBuildFile; fileRef = 05F14DA42D2010C100EFBD89 /* StorageManager.swift */; };
		05F14DA72D201B8A00EFBD89 /* CountriesListFavoritesView.swift in Sources */ = {isa = PBXBuildFile; fileRef = 05F14DA62D201B8A00EFBD89 /* CountriesListFavoritesView.swift */; };
		05F14DAA2D201CA600EFBD89 /* CellView.swift in Sources */ = {isa = PBXBuildFile; fileRef = 05F14DA92D201CA600EFBD89 /* CellView.swift */; };
/* End PBXBuildFile section */

/* Begin PBXFileReference section */
		058585502D1EF873003376D8 /* Info.plist */ = {isa = PBXFileReference; lastKnownFileType = text.plist.xml; path = Info.plist; sourceTree = "<group>"; };
		058585522D1EFBD3003376D8 /* restcountries */ = {isa = PBXFileReference; lastKnownFileType = wrapper; name = restcountries; path = Countries/restcountries; sourceTree = SOURCE_ROOT; };
		059366B92D1F00CC00FF3309 /* ScreenSizeEnvironment.swift */ = {isa = PBXFileReference; lastKnownFileType = sourcecode.swift; path = ScreenSizeEnvironment.swift; sourceTree = "<group>"; };
		05BDFE322D1B070500CE77AE /* Countries.app */ = {isa = PBXFileReference; explicitFileType = wrapper.application; includeInIndex = 0; path = Countries.app; sourceTree = BUILT_PRODUCTS_DIR; };
		05BDFE352D1B070500CE77AE /* CountriesApp.swift */ = {isa = PBXFileReference; lastKnownFileType = sourcecode.swift; path = CountriesApp.swift; sourceTree = "<group>"; };
		05BDFE3B2D1B070600CE77AE /* Assets.xcassets */ = {isa = PBXFileReference; lastKnownFileType = folder.assetcatalog; path = Assets.xcassets; sourceTree = "<group>"; };
		05BDFE3E2D1B070600CE77AE /* Preview Assets.xcassets */ = {isa = PBXFileReference; lastKnownFileType = folder.assetcatalog; path = "Preview Assets.xcassets"; sourceTree = "<group>"; };
		05BDFE482D1B0EF800CE77AE /* CountriesListView.swift */ = {isa = PBXFileReference; lastKnownFileType = sourcecode.swift; path = CountriesListView.swift; sourceTree = "<group>"; };
		05BDFE4B2D1B0FFD00CE77AE /* CountriesViewModel.swift */ = {isa = PBXFileReference; lastKnownFileType = sourcecode.swift; path = CountriesViewModel.swift; sourceTree = "<group>"; };
		05BDFE4E2D1B10E000CE77AE /* NetworkManager.swift */ = {isa = PBXFileReference; lastKnownFileType = sourcecode.swift; path = NetworkManager.swift; sourceTree = "<group>"; };
		05F14D9B2D1F5E2A00EFBD89 /* CountryDetailView.swift */ = {isa = PBXFileReference; lastKnownFileType = sourcecode.swift; path = CountryDetailView.swift; sourceTree = "<group>"; };
		05F14D9D2D1F6D1600EFBD89 /* AnnotationItem.swift */ = {isa = PBXFileReference; lastKnownFileType = sourcecode.swift; path = AnnotationItem.swift; sourceTree = "<group>"; };
		05F14D9F2D1F71FF00EFBD89 /* CountryStorage.swift */ = {isa = PBXFileReference; lastKnownFileType = sourcecode.swift; path = CountryStorage.swift; sourceTree = "<group>"; };
		05F14DA42D2010C100EFBD89 /* StorageManager.swift */ = {isa = PBXFileReference; lastKnownFileType = sourcecode.swift; path = StorageManager.swift; sourceTree = "<group>"; };
		05F14DA62D201B8A00EFBD89 /* CountriesListFavoritesView.swift */ = {isa = PBXFileReference; lastKnownFileType = sourcecode.swift; path = CountriesListFavoritesView.swift; sourceTree = "<group>"; };
		05F14DA92D201CA600EFBD89 /* CellView.swift */ = {isa = PBXFileReference; lastKnownFileType = sourcecode.swift; path = CellView.swift; sourceTree = "<group>"; };
/* End PBXFileReference section */

/* Begin PBXFrameworksBuildPhase section */
		05BDFE2F2D1B070500CE77AE /* Frameworks */ = {
			isa = PBXFrameworksBuildPhase;
			buildActionMask = 2147483647;
			files = (
				059366B82D1F004C00FF3309 /* Kingfisher in Frameworks */,
				058585542D1EFC2E003376D8 /* restcountries in Frameworks */,
			);
			runOnlyForDeploymentPostprocessing = 0;
		};
/* End PBXFrameworksBuildPhase section */

/* Begin PBXGroup section */
		058585512D1EF880003376D8 /* Frameworks */ = {
			isa = PBXGroup;
			children = (
			);
			name = Frameworks;
			sourceTree = "<group>";
		};
		058585552D1EFD9E003376D8 /* Models */ = {
			isa = PBXGroup;
			children = (
				05F14D9D2D1F6D1600EFBD89 /* AnnotationItem.swift */,
				05F14D9F2D1F71FF00EFBD89 /* CountryStorage.swift */,
			);
			path = Models;
			sourceTree = "<group>";
		};
		059366B52D1EFFD900FF3309 /* Configuration */ = {
			isa = PBXGroup;
			children = (
				05BDFE352D1B070500CE77AE /* CountriesApp.swift */,
				058585502D1EF873003376D8 /* Info.plist */,
				059366B92D1F00CC00FF3309 /* ScreenSizeEnvironment.swift */,
			);
			path = Configuration;
			sourceTree = "<group>";
		};
		05BDFE292D1B070500CE77AE = {
			isa = PBXGroup;
			children = (
				05BDFE342D1B070500CE77AE /* Countries */,
				05BDFE332D1B070500CE77AE /* Products */,
				058585512D1EF880003376D8 /* Frameworks */,
			);
			sourceTree = "<group>";
		};
		05BDFE332D1B070500CE77AE /* Products */ = {
			isa = PBXGroup;
			children = (
				05BDFE322D1B070500CE77AE /* Countries.app */,
			);
			name = Products;
			sourceTree = "<group>";
		};
		05BDFE342D1B070500CE77AE /* Countries */ = {
			isa = PBXGroup;
			children = (
				059366B52D1EFFD900FF3309 /* Configuration */,
				05BDFE4A2D1B0FE200CE77AE /* CountriesView */,
				05F14DA82D201C9200EFBD89 /* Views */,
				05BDFE4D2D1B10D100CE77AE /* Services */,
				058585552D1EFD9E003376D8 /* Models */,
				058585522D1EFBD3003376D8 /* restcountries */,
				05BDFE3B2D1B070600CE77AE /* Assets.xcassets */,
				05BDFE3D2D1B070600CE77AE /* Preview Content */,
			);
			path = Countries;
			sourceTree = "<group>";
		};
		05BDFE3D2D1B070600CE77AE /* Preview Content */ = {
			isa = PBXGroup;
			children = (
				05BDFE3E2D1B070600CE77AE /* Preview Assets.xcassets */,
			);
			path = "Preview Content";
			sourceTree = "<group>";
		};
		05BDFE4A2D1B0FE200CE77AE /* CountriesView */ = {
			isa = PBXGroup;
			children = (
				05BDFE482D1B0EF800CE77AE /* CountriesListView.swift */,
				05F14DA62D201B8A00EFBD89 /* CountriesListFavoritesView.swift */,
				05BDFE4B2D1B0FFD00CE77AE /* CountriesViewModel.swift */,
			);
			path = CountriesView;
			sourceTree = "<group>";
		};
		05BDFE4D2D1B10D100CE77AE /* Services */ = {
			isa = PBXGroup;
			children = (
				05BDFE4E2D1B10E000CE77AE /* NetworkManager.swift */,
				05F14DA42D2010C100EFBD89 /* StorageManager.swift */,
			);
			path = Services;
			sourceTree = "<group>";
		};
		05F14DA82D201C9200EFBD89 /* Views */ = {
			isa = PBXGroup;
			children = (
				05F14DA92D201CA600EFBD89 /* CellView.swift */,
				05F14D9B2D1F5E2A00EFBD89 /* CountryDetailView.swift */,
			);
			path = Views;
			sourceTree = "<group>";
		};
/* End PBXGroup section */

/* Begin PBXNativeTarget section */
		05BDFE312D1B070500CE77AE /* Countries */ = {
			isa = PBXNativeTarget;
			buildConfigurationList = 05BDFE422D1B070600CE77AE /* Build configuration list for PBXNativeTarget "Countries" */;
			buildPhases = (
				05BDFE2E2D1B070500CE77AE /* Sources */,
				05BDFE2F2D1B070500CE77AE /* Frameworks */,
				05BDFE302D1B070500CE77AE /* Resources */,
			);
			buildRules = (
			);
			dependencies = (
			);
			name = Countries;
			packageProductDependencies = (
				058585532D1EFC2E003376D8 /* restcountries */,
				059366B72D1F004C00FF3309 /* Kingfisher */,
			);
			productName = Countries;
			productReference = 05BDFE322D1B070500CE77AE /* Countries.app */;
			productType = "com.apple.product-type.application";
		};
/* End PBXNativeTarget section */

/* Begin PBXProject section */
		05BDFE2A2D1B070500CE77AE /* Project object */ = {
			isa = PBXProject;
			attributes = {
				BuildIndependentTargetsInParallel = 1;
				LastSwiftUpdateCheck = 1540;
				LastUpgradeCheck = 1540;
				TargetAttributes = {
					05BDFE312D1B070500CE77AE = {
						CreatedOnToolsVersion = 15.4;
					};
				};
			};
			buildConfigurationList = 05BDFE2D2D1B070500CE77AE /* Build configuration list for PBXProject "Countries" */;
			compatibilityVersion = "Xcode 14.0";
			developmentRegion = en;
			hasScannedForEncodings = 0;
			knownRegions = (
				en,
				Base,
			);
			mainGroup = 05BDFE292D1B070500CE77AE;
			packageReferences = (
				059366B62D1F004C00FF3309 /* XCRemoteSwiftPackageReference "Kingfisher" */,
			);
			productRefGroup = 05BDFE332D1B070500CE77AE /* Products */;
			projectDirPath = "";
			projectRoot = "";
			targets = (
				05BDFE312D1B070500CE77AE /* Countries */,
			);
		};
/* End PBXProject section */

/* Begin PBXResourcesBuildPhase section */
		05BDFE302D1B070500CE77AE /* Resources */ = {
			isa = PBXResourcesBuildPhase;
			buildActionMask = 2147483647;
			files = (
				05BDFE3F2D1B070600CE77AE /* Preview Assets.xcassets in Resources */,
				05BDFE3C2D1B070600CE77AE /* Assets.xcassets in Resources */,
			);
			runOnlyForDeploymentPostprocessing = 0;
		};
/* End PBXResourcesBuildPhase section */

/* Begin PBXSourcesBuildPhase section */
		05BDFE2E2D1B070500CE77AE /* Sources */ = {
			isa = PBXSourcesBuildPhase;
			buildActionMask = 2147483647;
			files = (
				05F14DAA2D201CA600EFBD89 /* CellView.swift in Sources */,
				05F14D9C2D1F5E2A00EFBD89 /* CountryDetailView.swift in Sources */,
				05F14D9E2D1F6D1600EFBD89 /* AnnotationItem.swift in Sources */,
				059366BA2D1F00CC00FF3309 /* ScreenSizeEnvironment.swift in Sources */,
				05F14DA52D2010C100EFBD89 /* StorageManager.swift in Sources */,
				05BDFE492D1B0EF800CE77AE /* CountriesListView.swift in Sources */,
				05F14DA02D1F71FF00EFBD89 /* CountryStorage.swift in Sources */,
				05BDFE4F2D1B10E000CE77AE /* NetworkManager.swift in Sources */,
				05BDFE362D1B070500CE77AE /* CountriesApp.swift in Sources */,
				05F14DA72D201B8A00EFBD89 /* CountriesListFavoritesView.swift in Sources */,
				05BDFE4C2D1B0FFD00CE77AE /* CountriesViewModel.swift in Sources */,
			);
			runOnlyForDeploymentPostprocessing = 0;
		};
/* End PBXSourcesBuildPhase section */

/* Begin XCBuildConfiguration section */
		05BDFE402D1B070600CE77AE /* Debug */ = {
			isa = XCBuildConfiguration;
			buildSettings = {
				ALWAYS_SEARCH_USER_PATHS = NO;
				ASSETCATALOG_COMPILER_GENERATE_SWIFT_ASSET_SYMBOL_EXTENSIONS = YES;
				CLANG_ANALYZER_NONNULL = YES;
				CLANG_ANALYZER_NUMBER_OBJECT_CONVERSION = YES_AGGRESSIVE;
				CLANG_CXX_LANGUAGE_STANDARD = "gnu++20";
				CLANG_ENABLE_MODULES = YES;
				CLANG_ENABLE_OBJC_ARC = YES;
				CLANG_ENABLE_OBJC_WEAK = YES;
				CLANG_WARN_BLOCK_CAPTURE_AUTORELEASING = YES;
				CLANG_WARN_BOOL_CONVERSION = YES;
				CLANG_WARN_COMMA = YES;
				CLANG_WARN_CONSTANT_CONVERSION = YES;
				CLANG_WARN_DEPRECATED_OBJC_IMPLEMENTATIONS = YES;
				CLANG_WARN_DIRECT_OBJC_ISA_USAGE = YES_ERROR;
				CLANG_WARN_DOCUMENTATION_COMMENTS = YES;
				CLANG_WARN_EMPTY_BODY = YES;
				CLANG_WARN_ENUM_CONVERSION = YES;
				CLANG_WARN_INFINITE_RECURSION = YES;
				CLANG_WARN_INT_CONVERSION = YES;
				CLANG_WARN_NON_LITERAL_NULL_CONVERSION = YES;
				CLANG_WARN_OBJC_IMPLICIT_RETAIN_SELF = YES;
				CLANG_WARN_OBJC_LITERAL_CONVERSION = YES;
				CLANG_WARN_OBJC_ROOT_CLASS = YES_ERROR;
				CLANG_WARN_QUOTED_INCLUDE_IN_FRAMEWORK_HEADER = YES;
				CLANG_WARN_RANGE_LOOP_ANALYSIS = YES;
				CLANG_WARN_STRICT_PROTOTYPES = YES;
				CLANG_WARN_SUSPICIOUS_MOVE = YES;
				CLANG_WARN_UNGUARDED_AVAILABILITY = YES_AGGRESSIVE;
				CLANG_WARN_UNREACHABLE_CODE = YES;
				CLANG_WARN__DUPLICATE_METHOD_MATCH = YES;
				COPY_PHASE_STRIP = NO;
				DEBUG_INFORMATION_FORMAT = dwarf;
				ENABLE_STRICT_OBJC_MSGSEND = YES;
				ENABLE_TESTABILITY = YES;
				ENABLE_USER_SCRIPT_SANDBOXING = YES;
				GCC_C_LANGUAGE_STANDARD = gnu17;
				GCC_DYNAMIC_NO_PIC = NO;
				GCC_NO_COMMON_BLOCKS = YES;
				GCC_OPTIMIZATION_LEVEL = 0;
				GCC_PREPROCESSOR_DEFINITIONS = (
					"DEBUG=1",
					"$(inherited)",
				);
				GCC_WARN_64_TO_32_BIT_CONVERSION = YES;
				GCC_WARN_ABOUT_RETURN_TYPE = YES_ERROR;
				GCC_WARN_UNDECLARED_SELECTOR = YES;
				GCC_WARN_UNINITIALIZED_AUTOS = YES_AGGRESSIVE;
				GCC_WARN_UNUSED_FUNCTION = YES;
				GCC_WARN_UNUSED_VARIABLE = YES;
				IPHONEOS_DEPLOYMENT_TARGET = 17.5;
				LOCALIZATION_PREFERS_STRING_CATALOGS = YES;
				MTL_ENABLE_DEBUG_INFO = INCLUDE_SOURCE;
				MTL_FAST_MATH = YES;
				ONLY_ACTIVE_ARCH = YES;
				SDKROOT = iphoneos;
				SWIFT_ACTIVE_COMPILATION_CONDITIONS = "DEBUG $(inherited)";
				SWIFT_OPTIMIZATION_LEVEL = "-Onone";
			};
			name = Debug;
		};
		05BDFE412D1B070600CE77AE /* Release */ = {
			isa = XCBuildConfiguration;
			buildSettings = {
				ALWAYS_SEARCH_USER_PATHS = NO;
				ASSETCATALOG_COMPILER_GENERATE_SWIFT_ASSET_SYMBOL_EXTENSIONS = YES;
				CLANG_ANALYZER_NONNULL = YES;
				CLANG_ANALYZER_NUMBER_OBJECT_CONVERSION = YES_AGGRESSIVE;
				CLANG_CXX_LANGUAGE_STANDARD = "gnu++20";
				CLANG_ENABLE_MODULES = YES;
				CLANG_ENABLE_OBJC_ARC = YES;
				CLANG_ENABLE_OBJC_WEAK = YES;
				CLANG_WARN_BLOCK_CAPTURE_AUTORELEASING = YES;
				CLANG_WARN_BOOL_CONVERSION = YES;
				CLANG_WARN_COMMA = YES;
				CLANG_WARN_CONSTANT_CONVERSION = YES;
				CLANG_WARN_DEPRECATED_OBJC_IMPLEMENTATIONS = YES;
				CLANG_WARN_DIRECT_OBJC_ISA_USAGE = YES_ERROR;
				CLANG_WARN_DOCUMENTATION_COMMENTS = YES;
				CLANG_WARN_EMPTY_BODY = YES;
				CLANG_WARN_ENUM_CONVERSION = YES;
				CLANG_WARN_INFINITE_RECURSION = YES;
				CLANG_WARN_INT_CONVERSION = YES;
				CLANG_WARN_NON_LITERAL_NULL_CONVERSION = YES;
				CLANG_WARN_OBJC_IMPLICIT_RETAIN_SELF = YES;
				CLANG_WARN_OBJC_LITERAL_CONVERSION = YES;
				CLANG_WARN_OBJC_ROOT_CLASS = YES_ERROR;
				CLANG_WARN_QUOTED_INCLUDE_IN_FRAMEWORK_HEADER = YES;
				CLANG_WARN_RANGE_LOOP_ANALYSIS = YES;
				CLANG_WARN_STRICT_PROTOTYPES = YES;
				CLANG_WARN_SUSPICIOUS_MOVE = YES;
				CLANG_WARN_UNGUARDED_AVAILABILITY = YES_AGGRESSIVE;
				CLANG_WARN_UNREACHABLE_CODE = YES;
				CLANG_WARN__DUPLICATE_METHOD_MATCH = YES;
				COPY_PHASE_STRIP = NO;
				DEBUG_INFORMATION_FORMAT = "dwarf-with-dsym";
				ENABLE_NS_ASSERTIONS = NO;
				ENABLE_STRICT_OBJC_MSGSEND = YES;
				ENABLE_USER_SCRIPT_SANDBOXING = YES;
				GCC_C_LANGUAGE_STANDARD = gnu17;
				GCC_NO_COMMON_BLOCKS = YES;
				GCC_WARN_64_TO_32_BIT_CONVERSION = YES;
				GCC_WARN_ABOUT_RETURN_TYPE = YES_ERROR;
				GCC_WARN_UNDECLARED_SELECTOR = YES;
				GCC_WARN_UNINITIALIZED_AUTOS = YES_AGGRESSIVE;
				GCC_WARN_UNUSED_FUNCTION = YES;
				GCC_WARN_UNUSED_VARIABLE = YES;
				IPHONEOS_DEPLOYMENT_TARGET = 17.5;
				LOCALIZATION_PREFERS_STRING_CATALOGS = YES;
				MTL_ENABLE_DEBUG_INFO = NO;
				MTL_FAST_MATH = YES;
				SDKROOT = iphoneos;
				SWIFT_COMPILATION_MODE = wholemodule;
				VALIDATE_PRODUCT = YES;
			};
			name = Release;
		};
		05BDFE432D1B070600CE77AE /* Debug */ = {
			isa = XCBuildConfiguration;
			buildSettings = {
				ASSETCATALOG_COMPILER_APPICON_NAME = AppIcon;
				ASSETCATALOG_COMPILER_GLOBAL_ACCENT_COLOR_NAME = AccentColor;
				CODE_SIGN_STYLE = Automatic;
				CURRENT_PROJECT_VERSION = 1;
				DEVELOPMENT_ASSET_PATHS = "\"Countries/Preview Content\"";
				DEVELOPMENT_TEAM = AM64M5A8BU;
				ENABLE_PREVIEWS = YES;
				GENERATE_INFOPLIST_FILE = YES;
				INFOPLIST_FILE = Countries/Configuration/Info.plist;
				INFOPLIST_KEY_UIApplicationSceneManifest_Generation = YES;
				INFOPLIST_KEY_UIApplicationSupportsIndirectInputEvents = YES;
				INFOPLIST_KEY_UILaunchScreen_Generation = YES;
				INFOPLIST_KEY_UISupportedInterfaceOrientations_iPad = "UIInterfaceOrientationPortrait UIInterfaceOrientationPortraitUpsideDown UIInterfaceOrientationLandscapeLeft UIInterfaceOrientationLandscapeRight";
				INFOPLIST_KEY_UISupportedInterfaceOrientations_iPhone = "UIInterfaceOrientationPortrait UIInterfaceOrientationLandscapeLeft UIInterfaceOrientationLandscapeRight";
				LD_RUNPATH_SEARCH_PATHS = (
					"$(inherited)",
					"@executable_path/Frameworks",
				);
				MARKETING_VERSION = 1.0;
				PRODUCT_BUNDLE_IDENTIFIER = DenisDenisov.Countries;
				PRODUCT_NAME = "$(TARGET_NAME)";
				SUPPORTED_PLATFORMS = "iphoneos iphonesimulator";
				SUPPORTS_MACCATALYST = NO;
				SUPPORTS_MAC_DESIGNED_FOR_IPHONE_IPAD = NO;
				SUPPORTS_XR_DESIGNED_FOR_IPHONE_IPAD = NO;
				SWIFT_EMIT_LOC_STRINGS = YES;
				SWIFT_VERSION = 5.0;
				TARGETED_DEVICE_FAMILY = 1;
			};
			name = Debug;
		};
		05BDFE442D1B070600CE77AE /* Release */ = {
			isa = XCBuildConfiguration;
			buildSettings = {
				ASSETCATALOG_COMPILER_APPICON_NAME = AppIcon;
				ASSETCATALOG_COMPILER_GLOBAL_ACCENT_COLOR_NAME = AccentColor;
				CODE_SIGN_STYLE = Automatic;
				CURRENT_PROJECT_VERSION = 1;
				DEVELOPMENT_ASSET_PATHS = "\"Countries/Preview Content\"";
				DEVELOPMENT_TEAM = AM64M5A8BU;
				ENABLE_PREVIEWS = YES;
				GENERATE_INFOPLIST_FILE = YES;
				INFOPLIST_FILE = Countries/Configuration/Info.plist;
				INFOPLIST_KEY_UIApplicationSceneManifest_Generation = YES;
				INFOPLIST_KEY_UIApplicationSupportsIndirectInputEvents = YES;
				INFOPLIST_KEY_UILaunchScreen_Generation = YES;
				INFOPLIST_KEY_UISupportedInterfaceOrientations_iPad = "UIInterfaceOrientationPortrait UIInterfaceOrientationPortraitUpsideDown UIInterfaceOrientationLandscapeLeft UIInterfaceOrientationLandscapeRight";
				INFOPLIST_KEY_UISupportedInterfaceOrientations_iPhone = "UIInterfaceOrientationPortrait UIInterfaceOrientationLandscapeLeft UIInterfaceOrientationLandscapeRight";
				LD_RUNPATH_SEARCH_PATHS = (
					"$(inherited)",
					"@executable_path/Frameworks",
				);
				MARKETING_VERSION = 1.0;
				PRODUCT_BUNDLE_IDENTIFIER = DenisDenisov.Countries;
				PRODUCT_NAME = "$(TARGET_NAME)";
				SUPPORTED_PLATFORMS = "iphoneos iphonesimulator";
				SUPPORTS_MACCATALYST = NO;
				SUPPORTS_MAC_DESIGNED_FOR_IPHONE_IPAD = NO;
				SUPPORTS_XR_DESIGNED_FOR_IPHONE_IPAD = NO;
				SWIFT_EMIT_LOC_STRINGS = YES;
				SWIFT_VERSION = 5.0;
				TARGETED_DEVICE_FAMILY = 1;
			};
			name = Release;
		};
/* End XCBuildConfiguration section */

/* Begin XCConfigurationList section */
		05BDFE2D2D1B070500CE77AE /* Build configuration list for PBXProject "Countries" */ = {
			isa = XCConfigurationList;
			buildConfigurations = (
				05BDFE402D1B070600CE77AE /* Debug */,
				05BDFE412D1B070600CE77AE /* Release */,
			);
			defaultConfigurationIsVisible = 0;
			defaultConfigurationName = Release;
		};
		05BDFE422D1B070600CE77AE /* Build configuration list for PBXNativeTarget "Countries" */ = {
			isa = XCConfigurationList;
			buildConfigurations = (
				05BDFE432D1B070600CE77AE /* Debug */,
				05BDFE442D1B070600CE77AE /* Release */,
			);
			defaultConfigurationIsVisible = 0;
			defaultConfigurationName = Release;
		};
/* End XCConfigurationList section */

/* Begin XCRemoteSwiftPackageReference section */
		059366B62D1F004C00FF3309 /* XCRemoteSwiftPackageReference "Kingfisher" */ = {
			isa = XCRemoteSwiftPackageReference;
			repositoryURL = "https://github.com/onevcat/Kingfisher.git";
			requirement = {
				kind = upToNextMajorVersion;
				minimumVersion = 8.1.3;
			};
		};
/* End XCRemoteSwiftPackageReference section */

/* Begin XCSwiftPackageProductDependency section */
		058585532D1EFC2E003376D8 /* restcountries */ = {
			isa = XCSwiftPackageProductDependency;
			productName = restcountries;
		};
		059366B72D1F004C00FF3309 /* Kingfisher */ = {
			isa = XCSwiftPackageProductDependency;
			package = 059366B62D1F004C00FF3309 /* XCRemoteSwiftPackageReference "Kingfisher" */;
			productName = Kingfisher;
		};
/* End XCSwiftPackageProductDependency section */
	};
	rootObject = 05BDFE2A2D1B070500CE77AE /* Project object */;
}
